PODS:
  - Capacitor (8.2.0):
    - CapacitorCordova
  - CapacitorCordova (8.2.0)
  - PurchasesHybridCommon (17.52.0):
    - RevenueCat (= 5.65.0)
  - RevenueCat (5.65.0)
  - RevenuecatPurchasesCapacitor (12.3.0):
    - Capacitor
    - PurchasesHybridCommon (= 17.52.0)

DEPENDENCIES:
  - "Capacitor (from `../../node_modules/@capacitor/ios`)"
  - "CapacitorCordova (from `../../node_modules/@capacitor/ios`)"
  - "RevenuecatPurchasesCapacitor (from `../../node_modules/@revenuecat/purchases-capacitor`)"

SPEC REPOS:
  trunk:
    - PurchasesHybridCommon
    - RevenueCat

EXTERNAL SOURCES:
  Capacitor:
    :path: "../../node_modules/@capacitor/ios"
  CapacitorCordova:
    :path: "../../node_modules/@capacitor/ios"
  RevenuecatPurchasesCapacitor:
    :path: "../../node_modules/@revenuecat/purchases-capacitor"

SPEC CHECKSUMS:
  Capacitor: 49a454e1cdbd520bc106a220adca7913536a4933
  CapacitorCordova: a9ac88d84a1f5280f33b349fe50fce1902683ac0
  PurchasesHybridCommon: 27cca251e01998c53a6b31bf53baf09f84926609
  RevenueCat: 9a37739bdf42af84dd87e023db340de7e0f9d874
  RevenuecatPurchasesCapacitor: b9db3b4726f76f5b36b6fefad2044083b9e3ca48

PODFILE CHECKSUM: 0f62cdad304a3c21afe0b9e53ed5b6776eba46d2

COCOAPODS: 1.16.2
